// !$*UTF8*$!
{
	archiveVersion = 1;
	classes = {
	};
	objectVersion = 50;
	objects = {

/* Begin PBXBuildFile section */
		2D5F050723BAF401001D27BD /* Gym.swift in Sources */ = {isa = PBXBuildFile; fileRef = 2D5F050623BAF401001D27BD /* Gym.swift */; };
		B80844D523A55B2E001C401C /* MainScreenViewController.swift in Sources */ = {isa = PBXBuildFile; fileRef = B80844D423A55B2E001C401C /* MainScreenViewController.swift */; };
		B817A8AD23AB151300842384 /* YogaViewController.swift in Sources */ = {isa = PBXBuildFile; fileRef = B817A8AC23AB151300842384 /* YogaViewController.swift */; };
		B8D677CD23B446A900C33596 /* ContactUsViewController.swift in Sources */ = {isa = PBXBuildFile; fileRef = B8D677CC23B446A900C33596 /* ContactUsViewController.swift */; };
		B8E0B1A823A1F09800665F0C /* AppDelegate.swift in Sources */ = {isa = PBXBuildFile; fileRef = B8E0B1A723A1F09800665F0C /* AppDelegate.swift */; };
		B8E0B1AA23A1F09800665F0C /* SceneDelegate.swift in Sources */ = {isa = PBXBuildFile; fileRef = B8E0B1A923A1F09800665F0C /* SceneDelegate.swift */; };
		B8E0B1AF23A1F09800665F0C /* Main.storyboard in Resources */ = {isa = PBXBuildFile; fileRef = B8E0B1AD23A1F09800665F0C /* Main.storyboard */; };
		B8E0B1B123A1F09900665F0C /* Assets.xcassets in Resources */ = {isa = PBXBuildFile; fileRef = B8E0B1B023A1F09900665F0C /* Assets.xcassets */; };
		B8E0B1B423A1F09900665F0C /* LaunchScreen.storyboard in Resources */ = {isa = PBXBuildFile; fileRef = B8E0B1B223A1F09900665F0C /* LaunchScreen.storyboard */; };
/* End PBXBuildFile section */

/* Begin PBXFileReference section */
		2D5F050623BAF401001D27BD /* Gym.swift */ = {isa = PBXFileReference; lastKnownFileType = sourcecode.swift; path = Gym.swift; sourceTree = "<group>"; };
		B80844D423A55B2E001C401C /* MainScreenViewController.swift */ = {isa = PBXFileReference; lastKnownFileType = sourcecode.swift; path = MainScreenViewController.swift; sourceTree = "<group>"; };
		B817A8AC23AB151300842384 /* YogaViewController.swift */ = {isa = PBXFileReference; lastKnownFileType = sourcecode.swift; path = YogaViewController.swift; sourceTree = "<group>"; };
		B8D677CC23B446A900C33596 /* ContactUsViewController.swift */ = {isa = PBXFileReference; lastKnownFileType = sourcecode.swift; path = ContactUsViewController.swift; sourceTree = "<group>"; };
		B8E0B1A423A1F09800665F0C /* Elev8.app */ = {isa = PBXFileReference; explicitFileType = wrapper.application; includeInIndex = 0; path = Elev8.app; sourceTree = BUILT_PRODUCTS_DIR; };
		B8E0B1A723A1F09800665F0C /* AppDelegate.swift */ = {isa = PBXFileReference; lastKnownFileType = sourcecode.swift; path = AppDelegate.swift; sourceTree = "<group>"; };
		B8E0B1A923A1F09800665F0C /* SceneDelegate.swift */ = {isa = PBXFileReference; lastKnownFileType = sourcecode.swift; path = SceneDelegate.swift; sourceTree = "<group>"; };
		B8E0B1AE23A1F09800665F0C /* Base */ = {isa = PBXFileReference; lastKnownFileType = file.storyboard; name = Base; path = Base.lproj/Main.storyboard; sourceTree = "<group>"; };
		B8E0B1B023A1F09900665F0C /* Assets.xcassets */ = {isa = PBXFileReference; lastKnownFileType = folder.assetcatalog; path = Assets.xcassets; sourceTree = "<group>"; };
		B8E0B1B323A1F09900665F0C /* Base */ = {isa = PBXFileReference; lastKnownFileType = file.storyboard; name = Base; path = Base.lproj/LaunchScreen.storyboard; sourceTree = "<group>"; };
		B8E0B1B523A1F09900665F0C /* Info.plist */ = {isa = PBXFileReference; lastKnownFileType = text.plist.xml; path = Info.plist; sourceTree = "<group>"; };
/* End PBXFileReference section */

/* Begin PBXFrameworksBuildPhase section */
		B8E0B1A123A1F09800665F0C /* Frameworks */ = {
			isa = PBXFrameworksBuildPhase;
			buildActionMask = 2147483647;
			files = (
			);
			runOnlyForDeploymentPostprocessing = 0;
		};
/* End PBXFrameworksBuildPhase section */

/* Begin PBXGroup section */
		32DF85C11D4A959D6803CD33 /* Pods */ = {
			isa = PBXGroup;
			children = (
			);
			path = Pods;
			sourceTree = "<group>";
		};
		B8E0B19B23A1F09800665F0C = {
			isa = PBXGroup;
			children = (
				B8E0B1A623A1F09800665F0C /* Elev8 */,
				B8E0B1A523A1F09800665F0C /* Products */,
				32DF85C11D4A959D6803CD33 /* Pods */,
			);
			sourceTree = "<group>";
		};
		B8E0B1A523A1F09800665F0C /* Products */ = {
			isa = PBXGroup;
			children = (
				B8E0B1A423A1F09800665F0C /* Elev8.app */,
			);
			name = Products;
			sourceTree = "<group>";
		};
		B8E0B1A623A1F09800665F0C /* Elev8 */ = {
			isa = PBXGroup;
			children = (
				B8E0B1A723A1F09800665F0C /* AppDelegate.swift */,
				B8E0B1A923A1F09800665F0C /* SceneDelegate.swift */,
				B8E0B1AD23A1F09800665F0C /* Main.storyboard */,
				B817A8AC23AB151300842384 /* YogaViewController.swift */,
				B8E0B1B023A1F09900665F0C /* Assets.xcassets */,
				B8E0B1B223A1F09900665F0C /* LaunchScreen.storyboard */,
				B8E0B1B523A1F09900665F0C /* Info.plist */,
				B80844D423A55B2E001C401C /* MainScreenViewController.swift */,
				B8D677CC23B446A900C33596 /* ContactUsViewController.swift */,
				2D5F050623BAF401001D27BD /* Gym.swift */,
			);
			path = Elev8;
			sourceTree = "<group>";
		};
/* End PBXGroup section */

/* Begin PBXNativeTarget section */
		B8E0B1A323A1F09800665F0C /* Elev8 */ = {
			isa = PBXNativeTarget;
			buildConfigurationList = B8E0B1B823A1F09900665F0C /* Build configuration list for PBXNativeTarget "Elev8" */;
			buildPhases = (
				B8E0B1A023A1F09800665F0C /* Sources */,
				B8E0B1A123A1F09800665F0C /* Frameworks */,
				B8E0B1A223A1F09800665F0C /* Resources */,
			);
			buildRules = (
			);
			dependencies = (
			);
			name = Elev8;
			productName = Elev8;
			productReference = B8E0B1A423A1F09800665F0C /* Elev8.app */;
			productType = "com.apple.product-type.application";
		};
/* End PBXNativeTarget section */

/* Begin PBXProject section */
		B8E0B19C23A1F09800665F0C /* Project object */ = {
			isa = PBXProject;
			attributes = {
				LastSwiftUpdateCheck = 1120;
				LastUpgradeCheck = 1120;
				ORGANIZATIONNAME = user163330;
				TargetAttributes = {
					B8E0B1A323A1F09800665F0C = {
						CreatedOnToolsVersion = 11.2.1;
					};
				};
			};
			buildConfigurationList = B8E0B19F23A1F09800665F0C /* Build configuration list for PBXProject "Elev8" */;
			compatibilityVersion = "Xcode 9.3";
			developmentRegion = en;
			hasScannedForEncodings = 0;
			knownRegions = (
				en,
				Base,
			);
			mainGroup = B8E0B19B23A1F09800665F0C;
			productRefGroup = B8E0B1A523A1F09800665F0C /* Products */;
			projectDirPath = "";
			projectRoot = "";
			targets = (
				B8E0B1A323A1F09800665F0C /* Elev8 */,
			);
		};
/* End PBXProject section */

/* Begin PBXResourcesBuildPhase section */
		B8E0B1A223A1F09800665F0C /* Resources */ = {
			isa = PBXResourcesBuildPhase;
			buildActionMask = 2147483647;
			files = (
				B8E0B1B423A1F09900665F0C /* LaunchScreen.storyboard in Resources */,
				B8E0B1B123A1F09900665F0C /* Assets.xcassets in Resources */,
				B8E0B1AF23A1F09800665F0C /* Main.storyboard in Resources */,
			);
			runOnlyForDeploymentPostprocessing = 0;
		};
/* End PBXResourcesBuildPhase section */

/* Begin PBXSourcesBuildPhase section */
		B8E0B1A023A1F09800665F0C /* Sources */ = {
			isa = PBXSourcesBuildPhase;
			buildActionMask = 2147483647;
			files = (
				B8D677CD23B446A900C33596 /* ContactUsViewController.swift in Sources */,
				B80844D523A55B2E001C401C /* MainScreenViewController.swift in Sources */,
				2D5F050723BAF401001D27BD /* Gym.swift in Sources */,
				B8E0B1A823A1F09800665F0C /* AppDelegate.swift in Sources */,
				B8E0B1AA23A1F09800665F0C /* SceneDelegate.swift in Sources */,
				B817A8AD23AB151300842384 /* YogaViewController.swift in Sources */,
			);
			runOnlyForDeploymentPostprocessing = 0;
		};
/* End PBXSourcesBuildPhase section */

/* Begin PBXVariantGroup section */
		B8E0B1AD23A1F09800665F0C /* Main.storyboard */ = {
			isa = PBXVariantGroup;
			children = (
				B8E0B1AE23A1F09800665F0C /* Base */,
			);
			name = Main.storyboard;
			sourceTree = "<group>";
		};
		B8E0B1B223A1F09900665F0C /* LaunchScreen.storyboard */ = {
			isa = PBXVariantGroup;
			children = (
				B8E0B1B323A1F09900665F0C /* Base */,
			);
			name = LaunchScreen.storyboard;
			sourceTree = "<group>";
		};
/* End PBXVariantGroup section */

/* Begin XCBuildConfiguration section */
		B8E0B1B623A1F09900665F0C /* Debug */ = {
			isa = XCBuildConfiguration;
			buildSettings = {
				ALWAYS_SEARCH_USER_PATHS = NO;
				CLANG_ANALYZER_NONNULL = YES;
				CLANG_ANALYZER_NUMBER_OBJECT_CONVERSION = YES_AGGRESSIVE;
				CLANG_CXX_LANGUAGE_STANDARD = "gnu++14";
				CLANG_CXX_LIBRARY = "libc++";
				CLANG_ENABLE_MODULES = YES;
				CLANG_ENABLE_OBJC_ARC = YES;
				CLANG_ENABLE_OBJC_WEAK = YES;
				CLANG_WARN_BLOCK_CAPTURE_AUTORELEASING = YES;
				CLANG_WARN_BOOL_CONVERSION = YES;
				CLANG_WARN_COMMA = YES;
				CLANG_WARN_CONSTANT_CONVERSION = YES;
				CLANG_WARN_DEPRECATED_OBJC_IMPLEMENTATIONS = YES;
				CLANG_WARN_DIRECT_OBJC_ISA_USAGE = YES_ERROR;
				CLANG_WARN_DOCUMENTATION_COMMENTS = YES;
				CLANG_WARN_EMPTY_BODY = YES;
				CLANG_WARN_ENUM_CONVERSION = YES;
				CLANG_WARN_INFINITE_RECURSION = YES;
				CLANG_WARN_INT_CONVERSION = YES;
				CLANG_WARN_NON_LITERAL_NULL_CONVERSION = YES;
				CLANG_WARN_OBJC_IMPLICIT_RETAIN_SELF = YES;
				CLANG_WARN_OBJC_LITERAL_CONVERSION = YES;
				CLANG_WARN_OBJC_ROOT_CLASS = YES_ERROR;
				CLANG_WARN_RANGE_LOOP_ANALYSIS = YES;
				CLANG_WARN_STRICT_PROTOTYPES = YES;
				CLANG_WARN_SUSPICIOUS_MOVE = YES;
				CLANG_WARN_UNGUARDED_AVAILABILITY = YES_AGGRESSIVE;
				CLANG_WARN_UNREACHABLE_CODE = YES;
				CLANG_WARN__DUPLICATE_METHOD_MATCH = YES;
				COPY_PHASE_STRIP = NO;
				DEBUG_INFORMATION_FORMAT = dwarf;
				ENABLE_STRICT_OBJC_MSGSEND = YES;
				ENABLE_TESTABILITY = YES;
				GCC_C_LANGUAGE_STANDARD = gnu11;
				GCC_DYNAMIC_NO_PIC = NO;
				GCC_NO_COMMON_BLOCKS = YES;
				GCC_OPTIMIZATION_LEVEL = 0;
				GCC_PREPROCESSOR_DEFINITIONS = (
					"DEBUG=1",
					"$(inherited)",
				);
				GCC_WARN_64_TO_32_BIT_CONVERSION = YES;
				GCC_WARN_ABOUT_RETURN_TYPE = YES_ERROR;
				GCC_WARN_UNDECLARED_SELECTOR = YES;
				GCC_WARN_UNINITIALIZED_AUTOS = YES_AGGRESSIVE;
				GCC_WARN_UNUSED_FUNCTION = YES;
				GCC_WARN_UNUSED_VARIABLE = YES;
				IPHONEOS_DEPLOYMENT_TARGET = 13.2;
				MTL_ENABLE_DEBUG_INFO = INCLUDE_SOURCE;
				MTL_FAST_MATH = YES;
				ONLY_ACTIVE_ARCH = YES;
				SDKROOT = iphoneos;
				SWIFT_ACTIVE_COMPILATION_CONDITIONS = DEBUG;
				SWIFT_OPTIMIZATION_LEVEL = "-Onone";
			};
			name = Debug;
		};
		B8E0B1B723A1F09900665F0C /* Release */ = {
			isa = XCBuildConfiguration;
			buildSettings = {
				ALWAYS_SEARCH_USER_PATHS = NO;
				CLANG_ANALYZER_NONNULL = YES;
				CLANG_ANALYZER_NUMBER_OBJECT_CONVERSION = YES_AGGRESSIVE;
				CLANG_CXX_LANGUAGE_STANDARD = "gnu++14";
				CLANG_CXX_LIBRARY = "libc++";
				CLANG_ENABLE_MODULES = YES;
				CLANG_ENABLE_OBJC_ARC = YES;
				CLANG_ENABLE_OBJC_WEAK = YES;
				CLANG_WARN_BLOCK_CAPTURE_AUTORELEASING = YES;
				CLANG_WARN_BOOL_CONVERSION = YES;
				CLANG_WARN_COMMA = YES;
				CLANG_WARN_CONSTANT_CONVERSION = YES;
				CLANG_WARN_DEPRECATED_OBJC_IMPLEMENTATIONS = YES;
				CLANG_WARN_DIRECT_OBJC_ISA_USAGE = YES_ERROR;
				CLANG_WARN_DOCUMENTATION_COMMENTS = YES;
				CLANG_WARN_EMPTY_BODY = YES;
				CLANG_WARN_ENUM_CONVERSION = YES;
				CLANG_WARN_INFINITE_RECURSION = YES;
				CLANG_WARN_INT_CONVERSION = YES;
				CLANG_WARN_NON_LITERAL_NULL_CONVERSION = YES;
				CLANG_WARN_OBJC_IMPLICIT_RETAIN_SELF = YES;
				CLANG_WARN_OBJC_LITERAL_CONVERSION = YES;
				CLANG_WARN_OBJC_ROOT_CLASS = YES_ERROR;
				CLANG_WARN_RANGE_LOOP_ANALYSIS = YES;
				CLANG_WARN_STRICT_PROTOTYPES = YES;
				CLANG_WARN_SUSPICIOUS_MOVE = YES;
				CLANG_WARN_UNGUARDED_AVAILABILITY = YES_AGGRESSIVE;
				CLANG_WARN_UNREACHABLE_CODE = YES;
				CLANG_WARN__DUPLICATE_METHOD_MATCH = YES;
				COPY_PHASE_STRIP = NO;
				DEBUG_INFORMATION_FORMAT = "dwarf-with-dsym";
				ENABLE_NS_ASSERTIONS = NO;
				ENABLE_STRICT_OBJC_MSGSEND = YES;
				GCC_C_LANGUAGE_STANDARD = gnu11;
				GCC_NO_COMMON_BLOCKS = YES;
				GCC_WARN_64_TO_32_BIT_CONVERSION = YES;
				GCC_WARN_ABOUT_RETURN_TYPE = YES_ERROR;
				GCC_WARN_UNDECLARED_SELECTOR = YES;
				GCC_WARN_UNINITIALIZED_AUTOS = YES_AGGRESSIVE;
				GCC_WARN_UNUSED_FUNCTION = YES;
				GCC_WARN_UNUSED_VARIABLE = YES;
				IPHONEOS_DEPLOYMENT_TARGET = 13.2;
				MTL_ENABLE_DEBUG_INFO = NO;
				MTL_FAST_MATH = YES;
				SDKROOT = iphoneos;
				SWIFT_COMPILATION_MODE = wholemodule;
				SWIFT_OPTIMIZATION_LEVEL = "-O";
				VALIDATE_PRODUCT = YES;
			};
			name = Release;
		};
		B8E0B1B923A1F09900665F0C /* Debug */ = {
			isa = XCBuildConfiguration;
			buildSettings = {
				ASSETCATALOG_COMPILER_APPICON_NAME = AppIcon;
				CODE_SIGN_STYLE = Automatic;
				DEVELOPMENT_TEAM = 7ZWZLU9HZD;
				INFOPLIST_FILE = Elev8/Info.plist;
				LD_RUNPATH_SEARCH_PATHS = (
					"$(inherited)",
					"@executable_path/Frameworks",
				);
				PRODUCT_BUNDLE_IDENTIFIER = com.Hamza.Elev8;
				PRODUCT_NAME = "$(TARGET_NAME)";
				SWIFT_VERSION = 5.0;
				TARGETED_DEVICE_FAMILY = "1,2";
			};
			name = Debug;
		};
		B8E0B1BA23A1F09900665F0C /* Release */ = {
			isa = XCBuildConfiguration;
			buildSettings = {
				ASSETCATALOG_COMPILER_APPICON_NAME = AppIcon;
				CODE_SIGN_STYLE = Automatic;
				DEVELOPMENT_TEAM = 7ZWZLU9HZD;
				INFOPLIST_FILE = Elev8/Info.plist;
				LD_RUNPATH_SEARCH_PATHS = (
					"$(inherited)",
					"@executable_path/Frameworks",
				);
				PRODUCT_BUNDLE_IDENTIFIER = com.Hamza.Elev8;
				PRODUCT_NAME = "$(TARGET_NAME)";
				SWIFT_VERSION = 5.0;
				TARGETED_DEVICE_FAMILY = "1,2";
			};
			name = Release;
		};
/* End XCBuildConfiguration section */

/* Begin XCConfigurationList section */
		B8E0B19F23A1F09800665F0C /* Build configuration list for PBXProject "Elev8" */ = {
			isa = XCConfigurationList;
			buildConfigurations = (
				B8E0B1B623A1F09900665F0C /* Debug */,
				B8E0B1B723A1F09900665F0C /* Release */,
			);
			defaultConfigurationIsVisible = 0;
			defaultConfigurationName = Release;
		};
		B8E0B1B823A1F09900665F0C /* Build configuration list for PBXNativeTarget "Elev8" */ = {
			isa = XCConfigurationList;
			buildConfigurations = (
				B8E0B1B923A1F09900665F0C /* Debug */,
				B8E0B1BA23A1F09900665F0C /* Release */,
			);
			defaultConfigurationIsVisible = 0;
			defaultConfigurationName = Release;
		};
/* End XCConfigurationList section */
	};
	rootObject = B8E0B19C23A1F09800665F0C /* Project object */;
}
